
Microsoft Visual Studio Solution File, Format Version 12.00
# Visual Studio Version 17
VisualStudioVersion = 17.9.34723.18
MinimumVisualStudioVersion = 10.0.40219.1
Project("{FAE04EC0-301F-11D3-BF4B-00C04F79EFBC}") = "Lab15", "Lab15\Lab15.csproj", "{CDD9C1B4-72BE-4040-A86D-2ED885E3B58A}"
EndProject
Global
	GlobalSection(SolutionConfigurationPlatforms) = preSolution
		Debug|Any CPU = Debug|Any CPU
		Release|Any CPU = Release|Any CPU
	EndGlobalSection
	GlobalSection(ProjectConfigurationPlatforms) = postSolution
		{CDD9C1B4-72BE-4040-A86D-2ED885E3B58A}.Debug|Any CPU.ActiveCfg = Debug|Any CPU
		{CDD9C1B4-72BE-4040-A86D-2ED885E3B58A}.Debug|Any CPU.Build.0 = Debug|Any CPU
		{CDD9C1B4-72BE-4040-A86D-2ED885E3B58A}.Release|Any CPU.ActiveCfg = Release|Any CPU
		{CDD9C1B4-72BE-4040-A86D-2ED885E3B58A}.Release|Any CPU.Build.0 = Release|Any CPU
	EndGlobalSection
	GlobalSection(SolutionProperties) = preSolution
		HideSolutionNode = FALSE
	EndGlobalSection
	GlobalSection(ExtensibilityGlobals) = postSolution
		SolutionGuid = {D393E14D-12F9-48AB-BB05-871FEEF8507C}
	EndGlobalSection
EndGlobal
